
Microsoft Visual Studio Solution File, Format Version 12.00
# Visual Studio Version 16
VisualStudioVersion = 16.0.29609.76
MinimumVisualStudioVersion = 10.0.40219.1
Project("{FAE04EC0-301F-11D3-BF4B-00C04F79EFBC}") = "PublicFieldsNotProperties", "PublicFieldsNotProperties\PublicFieldsNotProperties.csproj", "{17A07664-95BF-4E9F-B08A-AA9D5D572D7D}"
EndProject
Global
	GlobalSection(SolutionConfigurationPlatforms) = preSolution
		Debug|Any CPU = Debug|Any CPU
		Release|Any CPU = Release|Any CPU
	EndGlobalSection
	GlobalSection(ProjectConfigurationPlatforms) = postSolution
		{17A07664-95BF-4E9F-B08A-AA9D5D572D7D}.Debug|Any CPU.ActiveCfg = Debug|Any CPU
		{17A07664-95BF-4E9F-B08A-AA9D5D572D7D}.Debug|Any CPU.Build.0 = Debug|Any CPU
		{17A07664-95BF-4E9F-B08A-AA9D5D572D7D}.Release|Any CPU.ActiveCfg = Release|Any CPU
		{17A07664-95BF-4E9F-B08A-AA9D5D572D7D}.Release|Any CPU.Build.0 = Release|Any CPU
	EndGlobalSection
	GlobalSection(SolutionProperties) = preSolution
		HideSolutionNode = FALSE
	EndGlobalSection
	GlobalSection(ExtensibilityGlobals) = postSolution
		SolutionGuid = {4F3F84F8-4979-41C8-A2CE-55A9755EFBCE}
	EndGlobalSection
EndGlobal
